
Microsoft Visual Studio Solution File, Format Version 12.00
# Visual Studio Version 16
VisualStudioVersion = 16.0.32407.337
MinimumVisualStudioVersion = 10.0.40219.1
Project("{FAE04EC0-301F-11D3-BF4B-00C04F79EFBC}") = "DailyReport", "DailyReport\DailyReport.csproj", "{C9526404-538C-4B8F-A1DF-761DC7664785}"
EndProject
Global
	GlobalSection(SolutionConfigurationPlatforms) = preSolution
		Debug|Any CPU = Debug|Any CPU
		Release|Any CPU = Release|Any CPU
	EndGlobalSection
	GlobalSection(ProjectConfigurationPlatforms) = postSolution
		{C9526404-538C-4B8F-A1DF-761DC7664785}.Debug|Any CPU.ActiveCfg = Debug|Any CPU
		{C9526404-538C-4B8F-A1DF-761DC7664785}.Debug|Any CPU.Build.0 = Debug|Any CPU
		{C9526404-538C-4B8F-A1DF-761DC7664785}.Release|Any CPU.ActiveCfg = Release|Any CPU
		{C9526404-538C-4B8F-A1DF-761DC7664785}.Release|Any CPU.Build.0 = Release|Any CPU
	EndGlobalSection
	GlobalSection(SolutionProperties) = preSolution
		HideSolutionNode = FALSE
	EndGlobalSection
	GlobalSection(ExtensibilityGlobals) = postSolution
		SolutionGuid = {5D7EAE40-D26E-4456-AC7E-DB4596429056}
	EndGlobalSection
EndGlobal
