
Microsoft Visual Studio Solution File, Format Version 12.00
# Visual Studio Version 16
VisualStudioVersion = 16.0.32407.337
MinimumVisualStudioVersion = 10.0.40219.1
Project("{FAE04EC0-301F-11D3-BF4B-00C04F79EFBC}") = "ArraySubmission", "ArraySubmission\ArraySubmission.csproj", "{11B07D71-64F2-4F48-96D9-E7732D09434B}"
EndProject
Global
	GlobalSection(SolutionConfigurationPlatforms) = preSolution
		Debug|Any CPU = Debug|Any CPU
		Release|Any CPU = Release|Any CPU
	EndGlobalSection
	GlobalSection(ProjectConfigurationPlatforms) = postSolution
		{11B07D71-64F2-4F48-96D9-E7732D09434B}.Debug|Any CPU.ActiveCfg = Debug|Any CPU
		{11B07D71-64F2-4F48-96D9-E7732D09434B}.Debug|Any CPU.Build.0 = Debug|Any CPU
		{11B07D71-64F2-4F48-96D9-E7732D09434B}.Release|Any CPU.ActiveCfg = Release|Any CPU
		{11B07D71-64F2-4F48-96D9-E7732D09434B}.Release|Any CPU.Build.0 = Release|Any CPU
	EndGlobalSection
	GlobalSection(SolutionProperties) = preSolution
		HideSolutionNode = FALSE
	EndGlobalSection
	GlobalSection(ExtensibilityGlobals) = postSolution
		SolutionGuid = {08D53CF5-EFC6-421A-A01D-89A59EB91FD3}
	EndGlobalSection
EndGlobal
