
Microsoft Visual Studio Solution File, Format Version 12.00
# Visual Studio Version 16
VisualStudioVersion = 16.0.32407.337
MinimumVisualStudioVersion = 10.0.40219.1
Project("{FAE04EC0-301F-11D3-BF4B-00C04F79EFBC}") = "StringsAndIntegersAssignment", "StringsAndIntegersAssignment\StringsAndIntegersAssignment.csproj", "{61DBD954-614C-4E2E-AA90-6F1CD3914DEE}"
EndProject
Global
	GlobalSection(SolutionConfigurationPlatforms) = preSolution
		Debug|Any CPU = Debug|Any CPU
		Release|Any CPU = Release|Any CPU
	EndGlobalSection
	GlobalSection(ProjectConfigurationPlatforms) = postSolution
		{61DBD954-614C-4E2E-AA90-6F1CD3914DEE}.Debug|Any CPU.ActiveCfg = Debug|Any CPU
		{61DBD954-614C-4E2E-AA90-6F1CD3914DEE}.Debug|Any CPU.Build.0 = Debug|Any CPU
		{61DBD954-614C-4E2E-AA90-6F1CD3914DEE}.Release|Any CPU.ActiveCfg = Release|Any CPU
		{61DBD954-614C-4E2E-AA90-6F1CD3914DEE}.Release|Any CPU.Build.0 = Release|Any CPU
	EndGlobalSection
	GlobalSection(SolutionProperties) = preSolution
		HideSolutionNode = FALSE
	EndGlobalSection
	GlobalSection(ExtensibilityGlobals) = postSolution
		SolutionGuid = {3A8A9E5E-DD8D-4CC5-B899-337CE1997DDA}
	EndGlobalSection
EndGlobal
